
Microsoft Visual Studio Solution File, Format Version 12.00
# Visual Studio Version 16
VisualStudioVersion = 16.0.31911.196
MinimumVisualStudioVersion = 10.0.40219.1
Project("{FAE04EC0-301F-11D3-BF4B-00C04F79EFBC}") = "WebApplication1", "WebApplication1\WebApplication1.csproj", "{6CE5A9BA-2AF6-49D9-91D1-339FD9FCC19C}"
EndProject
Global
	GlobalSection(SolutionConfigurationPlatforms) = preSolution
		Debug|Any CPU = Debug|Any CPU
		Release|Any CPU = Release|Any CPU
	EndGlobalSection
	GlobalSection(ProjectConfigurationPlatforms) = postSolution
		{6CE5A9BA-2AF6-49D9-91D1-339FD9FCC19C}.Debug|Any CPU.ActiveCfg = Debug|Any CPU
		{6CE5A9BA-2AF6-49D9-91D1-339FD9FCC19C}.Debug|Any CPU.Build.0 = Debug|Any CPU
		{6CE5A9BA-2AF6-49D9-91D1-339FD9FCC19C}.Release|Any CPU.ActiveCfg = Release|Any CPU
		{6CE5A9BA-2AF6-49D9-91D1-339FD9FCC19C}.Release|Any CPU.Build.0 = Release|Any CPU
	EndGlobalSection
	GlobalSection(SolutionProperties) = preSolution
		HideSolutionNode = FALSE
	EndGlobalSection
	GlobalSection(ExtensibilityGlobals) = postSolution
		SolutionGuid = {2BBCCF8A-014E-453E-BC1C-084D1465D8CD}
	EndGlobalSection
EndGlobal
